{
  "name": "angular-sol-wallets",
  "version": "0.0.11",
  "lockfileVersion": 1,
  "requires": true,
  "dependencies": {
    "@ng-bootstrap/ng-bootstrap": {
      "version": "10.0.0",
      "resolved": "https://registry.npmjs.org/@ng-bootstrap/ng-bootstrap/-/ng-bootstrap-10.0.0.tgz",
      "integrity": "sha512-Sz+QaxjuyJYJ+zyUbf0TevgcgVesCPQiiFiggEzxKjzY5R+Hvq3YgryLdXf2r/ryePL+C3FXCcmmKpTM5bfczQ==",
      "requires": {
        "tslib": "^2.1.0"
      },
      "dependencies": {
        "tslib": {
          "version": "2.3.1",
          "resolved": "https://registry.npmjs.org/tslib/-/tslib-2.3.1.tgz",
          "integrity": "sha512-77EbyPPpMz+FRFRuAFlWMtmgUWGe9UOG2Z25NqCwiIjRhOf5iKGuzSe5P2w1laq+FkRy4p+PCuVkJSGkzTEKVw=="
        }
      }
    }
  }
}
